
Microsoft Visual Studio Solution File, Format Version 12.00
# Visual Studio Version 16
VisualStudioVersion = 16.0.31205.134
MinimumVisualStudioVersion = 10.0.40219.1
Project("{FAE04EC0-301F-11D3-BF4B-00C04F79EFBC}") = "FILE_EXPLORER", "FILE_EXPLORER\FILE_EXPLORER.csproj", "{5C90B0B3-069A-4F94-9669-D9FC7DCAB103}"
EndProject
Global
	GlobalSection(SolutionConfigurationPlatforms) = preSolution
		Debug|Any CPU = Debug|Any CPU
		Release|Any CPU = Release|Any CPU
	EndGlobalSection
	GlobalSection(ProjectConfigurationPlatforms) = postSolution
		{5C90B0B3-069A-4F94-9669-D9FC7DCAB103}.Debug|Any CPU.ActiveCfg = Debug|Any CPU
		{5C90B0B3-069A-4F94-9669-D9FC7DCAB103}.Debug|Any CPU.Build.0 = Debug|Any CPU
		{5C90B0B3-069A-4F94-9669-D9FC7DCAB103}.Release|Any CPU.ActiveCfg = Release|Any CPU
		{5C90B0B3-069A-4F94-9669-D9FC7DCAB103}.Release|Any CPU.Build.0 = Release|Any CPU
	EndGlobalSection
	GlobalSection(SolutionProperties) = preSolution
		HideSolutionNode = FALSE
	EndGlobalSection
	GlobalSection(ExtensibilityGlobals) = postSolution
		SolutionGuid = {206E2142-9CA1-4E8F-AC87-7C6E70708A44}
	EndGlobalSection
EndGlobal
